
Microsoft Visual Studio Solution File, Format Version 12.00
# Visual Studio Version 16
VisualStudioVersion = 16.0.31911.196
MinimumVisualStudioVersion = 10.0.40219.1
Project("{9A19103F-16F7-4668-BE54-9A1E7A4F7556}") = "FileSystemVisitor.Console", "FileSystemVisitor.Console\FileSystemVisitor.Console.csproj", "{53B60384-D538-416D-9434-4ED8F4C48D6C}"
EndProject
Project("{FAE04EC0-301F-11D3-BF4B-00C04F79EFBC}") = "FileSystemVisitor.Forms", "FileSystemVisitor.Forms\FileSystemVisitor.Forms.csproj", "{8B45AF68-3C88-45E0-BC84-915A650C5014}"
EndProject
Global
	GlobalSection(SolutionConfigurationPlatforms) = preSolution
		Debug|Any CPU = Debug|Any CPU
		Release|Any CPU = Release|Any CPU
	EndGlobalSection
	GlobalSection(ProjectConfigurationPlatforms) = postSolution
		{53B60384-D538-416D-9434-4ED8F4C48D6C}.Debug|Any CPU.ActiveCfg = Debug|Any CPU
		{53B60384-D538-416D-9434-4ED8F4C48D6C}.Debug|Any CPU.Build.0 = Debug|Any CPU
		{53B60384-D538-416D-9434-4ED8F4C48D6C}.Release|Any CPU.ActiveCfg = Release|Any CPU
		{53B60384-D538-416D-9434-4ED8F4C48D6C}.Release|Any CPU.Build.0 = Release|Any CPU
		{8B45AF68-3C88-45E0-BC84-915A650C5014}.Debug|Any CPU.ActiveCfg = Debug|Any CPU
		{8B45AF68-3C88-45E0-BC84-915A650C5014}.Debug|Any CPU.Build.0 = Debug|Any CPU
		{8B45AF68-3C88-45E0-BC84-915A650C5014}.Release|Any CPU.ActiveCfg = Release|Any CPU
		{8B45AF68-3C88-45E0-BC84-915A650C5014}.Release|Any CPU.Build.0 = Release|Any CPU
	EndGlobalSection
	GlobalSection(SolutionProperties) = preSolution
		HideSolutionNode = FALSE
	EndGlobalSection
	GlobalSection(ExtensibilityGlobals) = postSolution
		SolutionGuid = {72CDFE74-95FF-414A-8CFB-9E100CFC7D20}
	EndGlobalSection
EndGlobal
