
Microsoft Visual Studio Solution File, Format Version 12.00
# Visual Studio Version 16
VisualStudioVersion = 16.0.32413.511
MinimumVisualStudioVersion = 10.0.40219.1
Project("{FAE04EC0-301F-11D3-BF4B-00C04F79EFBC}") = "FileCabinet.ConsoleApp", "FileCabinet.ConsoleApp\FileCabinet.ConsoleApp.csproj", "{8BE27E4B-E24A-4499-9F4E-9A82A3BE422A}"
EndProject
Global
	GlobalSection(SolutionConfigurationPlatforms) = preSolution
		Debug|Any CPU = Debug|Any CPU
		Release|Any CPU = Release|Any CPU
	EndGlobalSection
	GlobalSection(ProjectConfigurationPlatforms) = postSolution
		{8BE27E4B-E24A-4499-9F4E-9A82A3BE422A}.Debug|Any CPU.ActiveCfg = Debug|Any CPU
		{8BE27E4B-E24A-4499-9F4E-9A82A3BE422A}.Debug|Any CPU.Build.0 = Debug|Any CPU
		{8BE27E4B-E24A-4499-9F4E-9A82A3BE422A}.Release|Any CPU.ActiveCfg = Release|Any CPU
		{8BE27E4B-E24A-4499-9F4E-9A82A3BE422A}.Release|Any CPU.Build.0 = Release|Any CPU
	EndGlobalSection
	GlobalSection(SolutionProperties) = preSolution
		HideSolutionNode = FALSE
	EndGlobalSection
	GlobalSection(ExtensibilityGlobals) = postSolution
		SolutionGuid = {0641082A-617F-4157-B75B-947331E7F13C}
	EndGlobalSection
EndGlobal
