
Microsoft Visual Studio Solution File, Format Version 12.00
# Visual Studio Version 16
VisualStudioVersion = 16.0.32510.428
MinimumVisualStudioVersion = 10.0.40219.1
Project("{FAE04EC0-301F-11D3-BF4B-00C04F79EFBC}") = "ORM.Lib", "ORM.Lib\ORM.Lib.csproj", "{46FDEBC2-BDC2-4F2D-921A-0DCF217CB71C}"
EndProject
Project("{FAE04EC0-301F-11D3-BF4B-00C04F79EFBC}") = "ORM.ConsoleApp", "ORM.ConsoleApp\ORM.ConsoleApp.csproj", "{37CCB0E7-8042-4C05-876C-7F00587DD2A2}"
EndProject
Global
	GlobalSection(SolutionConfigurationPlatforms) = preSolution
		Debug|Any CPU = Debug|Any CPU
		Release|Any CPU = Release|Any CPU
	EndGlobalSection
	GlobalSection(ProjectConfigurationPlatforms) = postSolution
		{46FDEBC2-BDC2-4F2D-921A-0DCF217CB71C}.Debug|Any CPU.ActiveCfg = Debug|Any CPU
		{46FDEBC2-BDC2-4F2D-921A-0DCF217CB71C}.Debug|Any CPU.Build.0 = Debug|Any CPU
		{46FDEBC2-BDC2-4F2D-921A-0DCF217CB71C}.Release|Any CPU.ActiveCfg = Release|Any CPU
		{46FDEBC2-BDC2-4F2D-921A-0DCF217CB71C}.Release|Any CPU.Build.0 = Release|Any CPU
		{37CCB0E7-8042-4C05-876C-7F00587DD2A2}.Debug|Any CPU.ActiveCfg = Debug|Any CPU
		{37CCB0E7-8042-4C05-876C-7F00587DD2A2}.Debug|Any CPU.Build.0 = Debug|Any CPU
		{37CCB0E7-8042-4C05-876C-7F00587DD2A2}.Release|Any CPU.ActiveCfg = Release|Any CPU
		{37CCB0E7-8042-4C05-876C-7F00587DD2A2}.Release|Any CPU.Build.0 = Release|Any CPU
	EndGlobalSection
	GlobalSection(SolutionProperties) = preSolution
		HideSolutionNode = FALSE
	EndGlobalSection
	GlobalSection(ExtensibilityGlobals) = postSolution
		SolutionGuid = {89181516-0D9B-45A5-8E29-D0D411D4EC96}
	EndGlobalSection
EndGlobal
