
Microsoft Visual Studio Solution File, Format Version 12.00
# Visual Studio Version 16
VisualStudioVersion = 16.0.32228.343
MinimumVisualStudioVersion = 10.0.40219.1
Project("{FAE04EC0-301F-11D3-BF4B-00C04F79EFBC}") = "CircularPrimes.Tests", "CircularPrimes.Tests\CircularPrimes.Tests.csproj", "{96390884-9730-4E93-8CBA-C0EB4585C412}"
EndProject
Project("{FAE04EC0-301F-11D3-BF4B-00C04F79EFBC}") = "CircularPrimes.Lib", "CircularPrimes.Lib\CircularPrimes.Lib.csproj", "{E90A3DBD-6F95-4251-818C-3136092F1360}"
EndProject
Project("{FAE04EC0-301F-11D3-BF4B-00C04F79EFBC}") = "LeapYearTests", "LeapYearTests\LeapYearTests.csproj", "{278F3C40-D763-40E1-BEBE-DACA466A8429}"
EndProject
Project("{FAE04EC0-301F-11D3-BF4B-00C04F79EFBC}") = "LeapYear.Lib", "LeapYear.Lib\LeapYear.Lib.csproj", "{A6E92982-AAA0-4C4B-997C-812AB3F7E81F}"
EndProject
Project("{FAE04EC0-301F-11D3-BF4B-00C04F79EFBC}") = "CalcStats.Tests", "CalcStats.Tests\CalcStats.Tests.csproj", "{2551D330-4780-442D-B760-96113D24CCC0}"
EndProject
Global
	GlobalSection(SolutionConfigurationPlatforms) = preSolution
		Debug|Any CPU = Debug|Any CPU
		Release|Any CPU = Release|Any CPU
	EndGlobalSection
	GlobalSection(ProjectConfigurationPlatforms) = postSolution
		{96390884-9730-4E93-8CBA-C0EB4585C412}.Debug|Any CPU.ActiveCfg = Debug|Any CPU
		{96390884-9730-4E93-8CBA-C0EB4585C412}.Debug|Any CPU.Build.0 = Debug|Any CPU
		{96390884-9730-4E93-8CBA-C0EB4585C412}.Release|Any CPU.ActiveCfg = Release|Any CPU
		{96390884-9730-4E93-8CBA-C0EB4585C412}.Release|Any CPU.Build.0 = Release|Any CPU
		{E90A3DBD-6F95-4251-818C-3136092F1360}.Debug|Any CPU.ActiveCfg = Debug|Any CPU
		{E90A3DBD-6F95-4251-818C-3136092F1360}.Debug|Any CPU.Build.0 = Debug|Any CPU
		{E90A3DBD-6F95-4251-818C-3136092F1360}.Release|Any CPU.ActiveCfg = Release|Any CPU
		{E90A3DBD-6F95-4251-818C-3136092F1360}.Release|Any CPU.Build.0 = Release|Any CPU
		{278F3C40-D763-40E1-BEBE-DACA466A8429}.Debug|Any CPU.ActiveCfg = Debug|Any CPU
		{278F3C40-D763-40E1-BEBE-DACA466A8429}.Debug|Any CPU.Build.0 = Debug|Any CPU
		{278F3C40-D763-40E1-BEBE-DACA466A8429}.Release|Any CPU.ActiveCfg = Release|Any CPU
		{278F3C40-D763-40E1-BEBE-DACA466A8429}.Release|Any CPU.Build.0 = Release|Any CPU
		{A6E92982-AAA0-4C4B-997C-812AB3F7E81F}.Debug|Any CPU.ActiveCfg = Debug|Any CPU
		{A6E92982-AAA0-4C4B-997C-812AB3F7E81F}.Debug|Any CPU.Build.0 = Debug|Any CPU
		{A6E92982-AAA0-4C4B-997C-812AB3F7E81F}.Release|Any CPU.ActiveCfg = Release|Any CPU
		{A6E92982-AAA0-4C4B-997C-812AB3F7E81F}.Release|Any CPU.Build.0 = Release|Any CPU
		{2551D330-4780-442D-B760-96113D24CCC0}.Debug|Any CPU.ActiveCfg = Debug|Any CPU
		{2551D330-4780-442D-B760-96113D24CCC0}.Debug|Any CPU.Build.0 = Debug|Any CPU
		{2551D330-4780-442D-B760-96113D24CCC0}.Release|Any CPU.ActiveCfg = Release|Any CPU
		{2551D330-4780-442D-B760-96113D24CCC0}.Release|Any CPU.Build.0 = Release|Any CPU
	EndGlobalSection
	GlobalSection(SolutionProperties) = preSolution
		HideSolutionNode = FALSE
	EndGlobalSection
	GlobalSection(ExtensibilityGlobals) = postSolution
		SolutionGuid = {9BF272B7-7293-46FB-B29A-22AAC6A021E1}
	EndGlobalSection
EndGlobal
